// !$*UTF8*$!
{
	archiveVersion = 1;
	classes = {
	};
	objectVersion = 50;
	objects = {

/* Begin PBXBuildFile section */
		35390AA2C4E2ED2758FA3B2A /* Pods_ZhiBo.framework in Frameworks */ = {isa = PBXBuildFile; fileRef = D0472D113431E235CE513494 /* Pods_ZhiBo.framework */; };
		FBC19930225F431000C57349 /* AppDelegate.swift in Sources */ = {isa = PBXBuildFile; fileRef = FBC1992F225F431000C57349 /* AppDelegate.swift */; };
		FBC19932225F431000C57349 /* ViewController.swift in Sources */ = {isa = PBXBuildFile; fileRef = FBC19931225F431000C57349 /* ViewController.swift */; };
		FBC19935225F431000C57349 /* Main.storyboard in Resources */ = {isa = PBXBuildFile; fileRef = FBC19933225F431000C57349 /* Main.storyboard */; };
		FBC19938225F431000C57349 /* ZhiBo.xcdatamodeld in Sources */ = {isa = PBXBuildFile; fileRef = FBC19936225F431000C57349 /* ZhiBo.xcdatamodeld */; };
		FBC1993A225F431000C57349 /* Assets.xcassets in Resources */ = {isa = PBXBuildFile; fileRef = FBC19939225F431000C57349 /* Assets.xcassets */; };
		FBC1993D225F431000C57349 /* LaunchScreen.storyboard in Resources */ = {isa = PBXBuildFile; fileRef = FBC1993B225F431000C57349 /* LaunchScreen.storyboard */; };
		FBC19948225F431100C57349 /* ZhiBoTests.swift in Sources */ = {isa = PBXBuildFile; fileRef = FBC19947225F431100C57349 /* ZhiBoTests.swift */; };
		FBC19953225F431100C57349 /* ZhiBoUITests.swift in Sources */ = {isa = PBXBuildFile; fileRef = FBC19952225F431100C57349 /* ZhiBoUITests.swift */; };
		FBC19970225F439000C57349 /* HomeController.swift in Sources */ = {isa = PBXBuildFile; fileRef = FBC19962225F438F00C57349 /* HomeController.swift */; };
		FBC19971225F439000C57349 /* LrregularityBasicContentView.swift in Sources */ = {isa = PBXBuildFile; fileRef = FBC19965225F438F00C57349 /* LrregularityBasicContentView.swift */; };
		FBC19972225F439000C57349 /* BouncesContentView.swift in Sources */ = {isa = PBXBuildFile; fileRef = FBC19966225F438F00C57349 /* BouncesContentView.swift */; };
		FBC19973225F439000C57349 /* BasicContentView.swift in Sources */ = {isa = PBXBuildFile; fileRef = FBC19967225F438F00C57349 /* BasicContentView.swift */; };
		FBC19974225F439000C57349 /* NavigationController.swift in Sources */ = {isa = PBXBuildFile; fileRef = FBC19968225F438F00C57349 /* NavigationController.swift */; };
		FBC19975225F439000C57349 /* FollowController.swift in Sources */ = {isa = PBXBuildFile; fileRef = FBC1996A225F438F00C57349 /* FollowController.swift */; };
		FBC19976225F439000C57349 /* ProfileController.swift in Sources */ = {isa = PBXBuildFile; fileRef = FBC1996C225F438F00C57349 /* ProfileController.swift */; };
		FBC19977225F439000C57349 /* LiveController.swift in Sources */ = {isa = PBXBuildFile; fileRef = FBC1996E225F438F00C57349 /* LiveController.swift */; };
/* End PBXBuildFile section */

/* Begin PBXContainerItemProxy section */
		FBC19944225F431100C57349 /* PBXContainerItemProxy */ = {
			isa = PBXContainerItemProxy;
			containerPortal = FBC19924225F431000C57349 /* Project object */;
			proxyType = 1;
			remoteGlobalIDString = FBC1992B225F431000C57349;
			remoteInfo = ZhiBo;
		};
		FBC1994F225F431100C57349 /* PBXContainerItemProxy */ = {
			isa = PBXContainerItemProxy;
			containerPortal = FBC19924225F431000C57349 /* Project object */;
			proxyType = 1;
			remoteGlobalIDString = FBC1992B225F431000C57349;
			remoteInfo = ZhiBo;
		};
/* End PBXContainerItemProxy section */

/* Begin PBXFileReference section */
		6A4E7CCBD58AE4040A70A40F /* Pods-ZhiBo.release.xcconfig */ = {isa = PBXFileReference; includeInIndex = 1; lastKnownFileType = text.xcconfig; name = "Pods-ZhiBo.release.xcconfig"; path = "Pods/Target Support Files/Pods-ZhiBo/Pods-ZhiBo.release.xcconfig"; sourceTree = "<group>"; };
		D0472D113431E235CE513494 /* Pods_ZhiBo.framework */ = {isa = PBXFileReference; explicitFileType = wrapper.framework; includeInIndex = 0; path = Pods_ZhiBo.framework; sourceTree = BUILT_PRODUCTS_DIR; };
		E3155F8A1799BC653F20FC28 /* Pods-ZhiBo.debug.xcconfig */ = {isa = PBXFileReference; includeInIndex = 1; lastKnownFileType = text.xcconfig; name = "Pods-ZhiBo.debug.xcconfig"; path = "Pods/Target Support Files/Pods-ZhiBo/Pods-ZhiBo.debug.xcconfig"; sourceTree = "<group>"; };
		FBC1992C225F431000C57349 /* ZhiBo.app */ = {isa = PBXFileReference; explicitFileType = wrapper.application; includeInIndex = 0; path = ZhiBo.app; sourceTree = BUILT_PRODUCTS_DIR; };
		FBC1992F225F431000C57349 /* AppDelegate.swift */ = {isa = PBXFileReference; lastKnownFileType = sourcecode.swift; path = AppDelegate.swift; sourceTree = "<group>"; };
		FBC19931225F431000C57349 /* ViewController.swift */ = {isa = PBXFileReference; lastKnownFileType = sourcecode.swift; path = ViewController.swift; sourceTree = "<group>"; };
		FBC19934225F431000C57349 /* Base */ = {isa = PBXFileReference; lastKnownFileType = file.storyboard; name = Base; path = Base.lproj/Main.storyboard; sourceTree = "<group>"; };
		FBC19937225F431000C57349 /* ZhiBo.xcdatamodel */ = {isa = PBXFileReference; lastKnownFileType = wrapper.xcdatamodel; path = ZhiBo.xcdatamodel; sourceTree = "<group>"; };
		FBC19939225F431000C57349 /* Assets.xcassets */ = {isa = PBXFileReference; lastKnownFileType = folder.assetcatalog; path = Assets.xcassets; sourceTree = "<group>"; };
		FBC1993C225F431000C57349 /* Base */ = {isa = PBXFileReference; lastKnownFileType = file.storyboard; name = Base; path = Base.lproj/LaunchScreen.storyboard; sourceTree = "<group>"; };
		FBC1993E225F431000C57349 /* Info.plist */ = {isa = PBXFileReference; lastKnownFileType = text.plist.xml; path = Info.plist; sourceTree = "<group>"; };
		FBC19943225F431100C57349 /* ZhiBoTests.xctest */ = {isa = PBXFileReference; explicitFileType = wrapper.cfbundle; includeInIndex = 0; path = ZhiBoTests.xctest; sourceTree = BUILT_PRODUCTS_DIR; };
		FBC19947225F431100C57349 /* ZhiBoTests.swift */ = {isa = PBXFileReference; lastKnownFileType = sourcecode.swift; path = ZhiBoTests.swift; sourceTree = "<group>"; };
		FBC19949225F431100C57349 /* Info.plist */ = {isa = PBXFileReference; lastKnownFileType = text.plist.xml; path = Info.plist; sourceTree = "<group>"; };
		FBC1994E225F431100C57349 /* ZhiBoUITests.xctest */ = {isa = PBXFileReference; explicitFileType = wrapper.cfbundle; includeInIndex = 0; path = ZhiBoUITests.xctest; sourceTree = BUILT_PRODUCTS_DIR; };
		FBC19952225F431100C57349 /* ZhiBoUITests.swift */ = {isa = PBXFileReference; lastKnownFileType = sourcecode.swift; path = ZhiBoUITests.swift; sourceTree = "<group>"; };
		FBC19954225F431100C57349 /* Info.plist */ = {isa = PBXFileReference; lastKnownFileType = text.plist.xml; path = Info.plist; sourceTree = "<group>"; };
		FBC19962225F438F00C57349 /* HomeController.swift */ = {isa = PBXFileReference; fileEncoding = 4; lastKnownFileType = sourcecode.swift; path = HomeController.swift; sourceTree = "<group>"; };
		FBC19965225F438F00C57349 /* LrregularityBasicContentView.swift */ = {isa = PBXFileReference; fileEncoding = 4; lastKnownFileType = sourcecode.swift; path = LrregularityBasicContentView.swift; sourceTree = "<group>"; };
		FBC19966225F438F00C57349 /* BouncesContentView.swift */ = {isa = PBXFileReference; fileEncoding = 4; lastKnownFileType = sourcecode.swift; path = BouncesContentView.swift; sourceTree = "<group>"; };
		FBC19967225F438F00C57349 /* BasicContentView.swift */ = {isa = PBXFileReference; fileEncoding = 4; lastKnownFileType = sourcecode.swift; path = BasicContentView.swift; sourceTree = "<group>"; };
		FBC19968225F438F00C57349 /* NavigationController.swift */ = {isa = PBXFileReference; fileEncoding = 4; lastKnownFileType = sourcecode.swift; path = NavigationController.swift; sourceTree = "<group>"; };
		FBC1996A225F438F00C57349 /* FollowController.swift */ = {isa = PBXFileReference; fileEncoding = 4; lastKnownFileType = sourcecode.swift; path = FollowController.swift; sourceTree = "<group>"; };
		FBC1996C225F438F00C57349 /* ProfileController.swift */ = {isa = PBXFileReference; fileEncoding = 4; lastKnownFileType = sourcecode.swift; path = ProfileController.swift; sourceTree = "<group>"; };
		FBC1996E225F438F00C57349 /* LiveController.swift */ = {isa = PBXFileReference; fileEncoding = 4; lastKnownFileType = sourcecode.swift; path = LiveController.swift; sourceTree = "<group>"; };
/* End PBXFileReference section */

/* Begin PBXFrameworksBuildPhase section */
		FBC19929225F431000C57349 /* Frameworks */ = {
			isa = PBXFrameworksBuildPhase;
			buildActionMask = 2147483647;
			files = (
				35390AA2C4E2ED2758FA3B2A /* Pods_ZhiBo.framework in Frameworks */,
			);
			runOnlyForDeploymentPostprocessing = 0;
		};
		FBC19940225F431100C57349 /* Frameworks */ = {
			isa = PBXFrameworksBuildPhase;
			buildActionMask = 2147483647;
			files = (
			);
			runOnlyForDeploymentPostprocessing = 0;
		};
		FBC1994B225F431100C57349 /* Frameworks */ = {
			isa = PBXFrameworksBuildPhase;
			buildActionMask = 2147483647;
			files = (
			);
			runOnlyForDeploymentPostprocessing = 0;
		};
/* End PBXFrameworksBuildPhase section */

/* Begin PBXGroup section */
		7734090AD1DEACF40D7D5790 /* Frameworks */ = {
			isa = PBXGroup;
			children = (
				D0472D113431E235CE513494 /* Pods_ZhiBo.framework */,
			);
			name = Frameworks;
			sourceTree = "<group>";
		};
		9862BE7DA713E68CD81E05E8 /* Pods */ = {
			isa = PBXGroup;
			children = (
				E3155F8A1799BC653F20FC28 /* Pods-ZhiBo.debug.xcconfig */,
				6A4E7CCBD58AE4040A70A40F /* Pods-ZhiBo.release.xcconfig */,
			);
			name = Pods;
			sourceTree = "<group>";
		};
		FBC19923225F431000C57349 = {
			isa = PBXGroup;
			children = (
				FBC1992E225F431000C57349 /* ZhiBo */,
				FBC19946225F431100C57349 /* ZhiBoTests */,
				FBC19951225F431100C57349 /* ZhiBoUITests */,
				FBC1992D225F431000C57349 /* Products */,
				9862BE7DA713E68CD81E05E8 /* Pods */,
				7734090AD1DEACF40D7D5790 /* Frameworks */,
			);
			sourceTree = "<group>";
		};
		FBC1992D225F431000C57349 /* Products */ = {
			isa = PBXGroup;
			children = (
				FBC1992C225F431000C57349 /* ZhiBo.app */,
				FBC19943225F431100C57349 /* ZhiBoTests.xctest */,
				FBC1994E225F431100C57349 /* ZhiBoUITests.xctest */,
			);
			name = Products;
			sourceTree = "<group>";
		};
		FBC1992E225F431000C57349 /* ZhiBo */ = {
			isa = PBXGroup;
			children = (
				FBC19960225F438F00C57349 /* Classes */,
				FBC1992F225F431000C57349 /* AppDelegate.swift */,
				FBC19931225F431000C57349 /* ViewController.swift */,
				FBC19933225F431000C57349 /* Main.storyboard */,
				FBC19939225F431000C57349 /* Assets.xcassets */,
				FBC1993B225F431000C57349 /* LaunchScreen.storyboard */,
				FBC1993E225F431000C57349 /* Info.plist */,
				FBC19936225F431000C57349 /* ZhiBo.xcdatamodeld */,
			);
			path = ZhiBo;
			sourceTree = "<group>";
		};
		FBC19946225F431100C57349 /* ZhiBoTests */ = {
			isa = PBXGroup;
			children = (
				FBC19947225F431100C57349 /* ZhiBoTests.swift */,
				FBC19949225F431100C57349 /* Info.plist */,
			);
			path = ZhiBoTests;
			sourceTree = "<group>";
		};
		FBC19951225F431100C57349 /* ZhiBoUITests */ = {
			isa = PBXGroup;
			children = (
				FBC19952225F431100C57349 /* ZhiBoUITests.swift */,
				FBC19954225F431100C57349 /* Info.plist */,
			);
			path = ZhiBoUITests;
			sourceTree = "<group>";
		};
		FBC19960225F438F00C57349 /* Classes */ = {
			isa = PBXGroup;
			children = (
				FBC1996F225F438F00C57349 /* Main */,
				FBC19961225F438F00C57349 /* Home */,
				FBC1996D225F438F00C57349 /* Live */,
				FBC19969225F438F00C57349 /* Follow */,
				FBC1996B225F438F00C57349 /* Profile */,
				FBC19963225F438F00C57349 /* Tools */,
			);
			path = Classes;
			sourceTree = "<group>";
		};
		FBC19961225F438F00C57349 /* Home */ = {
			isa = PBXGroup;
			children = (
				FBC19962225F438F00C57349 /* HomeController.swift */,
			);
			path = Home;
			sourceTree = "<group>";
		};
		FBC19963225F438F00C57349 /* Tools */ = {
			isa = PBXGroup;
			children = (
				FBC19964225F438F00C57349 /* TabBarView */,
				FBC19968225F438F00C57349 /* NavigationController.swift */,
			);
			path = Tools;
			sourceTree = "<group>";
		};
		FBC19964225F438F00C57349 /* TabBarView */ = {
			isa = PBXGroup;
			children = (
				FBC19965225F438F00C57349 /* LrregularityBasicContentView.swift */,
				FBC19966225F438F00C57349 /* BouncesContentView.swift */,
				FBC19967225F438F00C57349 /* BasicContentView.swift */,
			);
			path = TabBarView;
			sourceTree = "<group>";
		};
		FBC19969225F438F00C57349 /* Follow */ = {
			isa = PBXGroup;
			children = (
				FBC1996A225F438F00C57349 /* FollowController.swift */,
			);
			path = Follow;
			sourceTree = "<group>";
		};
		FBC1996B225F438F00C57349 /* Profile */ = {
			isa = PBXGroup;
			children = (
				FBC1996C225F438F00C57349 /* ProfileController.swift */,
			);
			path = Profile;
			sourceTree = "<group>";
		};
		FBC1996D225F438F00C57349 /* Live */ = {
			isa = PBXGroup;
			children = (
				FBC1996E225F438F00C57349 /* LiveController.swift */,
			);
			path = Live;
			sourceTree = "<group>";
		};
		FBC1996F225F438F00C57349 /* Main */ = {
			isa = PBXGroup;
			children = (
			);
			path = Main;
			sourceTree = "<group>";
		};
/* End PBXGroup section */

/* Begin PBXNativeTarget section */
		FBC1992B225F431000C57349 /* ZhiBo */ = {
			isa = PBXNativeTarget;
			buildConfigurationList = FBC19957225F431100C57349 /* Build configuration list for PBXNativeTarget "ZhiBo" */;
			buildPhases = (
				6EAD7199973A466191E6E8C6 /* [CP] Check Pods Manifest.lock */,
				FBC19928225F431000C57349 /* Sources */,
				FBC19929225F431000C57349 /* Frameworks */,
				FBC1992A225F431000C57349 /* Resources */,
				A2E50D72ED558DA6CD34FBA9 /* [CP] Embed Pods Frameworks */,
			);
			buildRules = (
			);
			dependencies = (
			);
			name = ZhiBo;
			productName = ZhiBo;
			productReference = FBC1992C225F431000C57349 /* ZhiBo.app */;
			productType = "com.apple.product-type.application";
		};
		FBC19942225F431100C57349 /* ZhiBoTests */ = {
			isa = PBXNativeTarget;
			buildConfigurationList = FBC1995A225F431100C57349 /* Build configuration list for PBXNativeTarget "ZhiBoTests" */;
			buildPhases = (
				FBC1993F225F431100C57349 /* Sources */,
				FBC19940225F431100C57349 /* Frameworks */,
				FBC19941225F431100C57349 /* Resources */,
			);
			buildRules = (
			);
			dependencies = (
				FBC19945225F431100C57349 /* PBXTargetDependency */,
			);
			name = ZhiBoTests;
			productName = ZhiBoTests;
			productReference = FBC19943225F431100C57349 /* ZhiBoTests.xctest */;
			productType = "com.apple.product-type.bundle.unit-test";
		};
		FBC1994D225F431100C57349 /* ZhiBoUITests */ = {
			isa = PBXNativeTarget;
			buildConfigurationList = FBC1995D225F431100C57349 /* Build configuration list for PBXNativeTarget "ZhiBoUITests" */;
			buildPhases = (
				FBC1994A225F431100C57349 /* Sources */,
				FBC1994B225F431100C57349 /* Frameworks */,
				FBC1994C225F431100C57349 /* Resources */,
			);
			buildRules = (
			);
			dependencies = (
				FBC19950225F431100C57349 /* PBXTargetDependency */,
			);
			name = ZhiBoUITests;
			productName = ZhiBoUITests;
			productReference = FBC1994E225F431100C57349 /* ZhiBoUITests.xctest */;
			productType = "com.apple.product-type.bundle.ui-testing";
		};
/* End PBXNativeTarget section */

/* Begin PBXProject section */
		FBC19924225F431000C57349 /* Project object */ = {
			isa = PBXProject;
			attributes = {
				LastSwiftUpdateCheck = 1020;
				LastUpgradeCheck = 1020;
				ORGANIZATIONNAME = HFX;
				TargetAttributes = {
					FBC1992B225F431000C57349 = {
						CreatedOnToolsVersion = 10.2;
					};
					FBC19942225F431100C57349 = {
						CreatedOnToolsVersion = 10.2;
						TestTargetID = FBC1992B225F431000C57349;
					};
					FBC1994D225F431100C57349 = {
						CreatedOnToolsVersion = 10.2;
						TestTargetID = FBC1992B225F431000C57349;
					};
				};
			};
			buildConfigurationList = FBC19927225F431000C57349 /* Build configuration list for PBXProject "ZhiBo" */;
			compatibilityVersion = "Xcode 9.3";
			developmentRegion = en;
			hasScannedForEncodings = 0;
			knownRegions = (
				en,
				Base,
			);
			mainGroup = FBC19923225F431000C57349;
			productRefGroup = FBC1992D225F431000C57349 /* Products */;
			projectDirPath = "";
			projectRoot = "";
			targets = (
				FBC1992B225F431000C57349 /* ZhiBo */,
				FBC19942225F431100C57349 /* ZhiBoTests */,
				FBC1994D225F431100C57349 /* ZhiBoUITests */,
			);
		};
/* End PBXProject section */

/* Begin PBXResourcesBuildPhase section */
		FBC1992A225F431000C57349 /* Resources */ = {
			isa = PBXResourcesBuildPhase;
			buildActionMask = 2147483647;
			files = (
				FBC1993D225F431000C57349 /* LaunchScreen.storyboard in Resources */,
				FBC1993A225F431000C57349 /* Assets.xcassets in Resources */,
				FBC19935225F431000C57349 /* Main.storyboard in Resources */,
			);
			runOnlyForDeploymentPostprocessing = 0;
		};
		FBC19941225F431100C57349 /* Resources */ = {
			isa = PBXResourcesBuildPhase;
			buildActionMask = 2147483647;
			files = (
			);
			runOnlyForDeploymentPostprocessing = 0;
		};
		FBC1994C225F431100C57349 /* Resources */ = {
			isa = PBXResourcesBuildPhase;
			buildActionMask = 2147483647;
			files = (
			);
			runOnlyForDeploymentPostprocessing = 0;
		};
/* End PBXResourcesBuildPhase section */

/* Begin PBXShellScriptBuildPhase section */
		6EAD7199973A466191E6E8C6 /* [CP] Check Pods Manifest.lock */ = {
			isa = PBXShellScriptBuildPhase;
			buildActionMask = 2147483647;
			files = (
			);
			inputFileListPaths = (
			);
			inputPaths = (
				"${PODS_PODFILE_DIR_PATH}/Podfile.lock",
				"${PODS_ROOT}/Manifest.lock",
			);
			name = "[CP] Check Pods Manifest.lock";
			outputFileListPaths = (
			);
			outputPaths = (
				"$(DERIVED_FILE_DIR)/Pods-ZhiBo-checkManifestLockResult.txt",
			);
			runOnlyForDeploymentPostprocessing = 0;
			shellPath = /bin/sh;
			shellScript = "diff \"${PODS_PODFILE_DIR_PATH}/Podfile.lock\" \"${PODS_ROOT}/Manifest.lock\" > /dev/null\nif [ $? != 0 ] ; then\n    # print error to STDERR\n    echo \"error: The sandbox is not in sync with the Podfile.lock. Run 'pod install' or update your CocoaPods installation.\" >&2\n    exit 1\nfi\n# This output is used by Xcode 'outputs' to avoid re-running this script phase.\necho \"SUCCESS\" > \"${SCRIPT_OUTPUT_FILE_0}\"\n";
			showEnvVarsInLog = 0;
		};
		A2E50D72ED558DA6CD34FBA9 /* [CP] Embed Pods Frameworks */ = {
			isa = PBXShellScriptBuildPhase;
			buildActionMask = 2147483647;
			files = (
			);
			inputFileListPaths = (
			);
			inputPaths = (
				"${SRCROOT}/Pods/Target Support Files/Pods-ZhiBo/Pods-ZhiBo-frameworks.sh",
				"${BUILT_PRODUCTS_DIR}/ESTabBarController-swift/ESTabBarController_swift.framework",
			);
			name = "[CP] Embed Pods Frameworks";
			outputFileListPaths = (
			);
			outputPaths = (
				"${TARGET_BUILD_DIR}/${FRAMEWORKS_FOLDER_PATH}/ESTabBarController_swift.framework",
			);
			runOnlyForDeploymentPostprocessing = 0;
			shellPath = /bin/sh;
			shellScript = "\"${SRCROOT}/Pods/Target Support Files/Pods-ZhiBo/Pods-ZhiBo-frameworks.sh\"\n";
			showEnvVarsInLog = 0;
		};
/* End PBXShellScriptBuildPhase section */

/* Begin PBXSourcesBuildPhase section */
		FBC19928225F431000C57349 /* Sources */ = {
			isa = PBXSourcesBuildPhase;
			buildActionMask = 2147483647;
			files = (
				FBC19973225F439000C57349 /* BasicContentView.swift in Sources */,
				FBC19974225F439000C57349 /* NavigationController.swift in Sources */,
				FBC19977225F439000C57349 /* LiveController.swift in Sources */,
				FBC19971225F439000C57349 /* LrregularityBasicContentView.swift in Sources */,
				FBC19970225F439000C57349 /* HomeController.swift in Sources */,
				FBC19975225F439000C57349 /* FollowController.swift in Sources */,
				FBC19976225F439000C57349 /* ProfileController.swift in Sources */,
				FBC19972225F439000C57349 /* BouncesContentView.swift in Sources */,
				FBC19938225F431000C57349 /* ZhiBo.xcdatamodeld in Sources */,
				FBC19932225F431000C57349 /* ViewController.swift in Sources */,
				FBC19930225F431000C57349 /* AppDelegate.swift in Sources */,
			);
			runOnlyForDeploymentPostprocessing = 0;
		};
		FBC1993F225F431100C57349 /* Sources */ = {
			isa = PBXSourcesBuildPhase;
			buildActionMask = 2147483647;
			files = (
				FBC19948225F431100C57349 /* ZhiBoTests.swift in Sources */,
			);
			runOnlyForDeploymentPostprocessing = 0;
		};
		FBC1994A225F431100C57349 /* Sources */ = {
			isa = PBXSourcesBuildPhase;
			buildActionMask = 2147483647;
			files = (
				FBC19953225F431100C57349 /* ZhiBoUITests.swift in Sources */,
			);
			runOnlyForDeploymentPostprocessing = 0;
		};
/* End PBXSourcesBuildPhase section */

/* Begin PBXTargetDependency section */
		FBC19945225F431100C57349 /* PBXTargetDependency */ = {
			isa = PBXTargetDependency;
			target = FBC1992B225F431000C57349 /* ZhiBo */;
			targetProxy = FBC19944225F431100C57349 /* PBXContainerItemProxy */;
		};
		FBC19950225F431100C57349 /* PBXTargetDependency */ = {
			isa = PBXTargetDependency;
			target = FBC1992B225F431000C57349 /* ZhiBo */;
			targetProxy = FBC1994F225F431100C57349 /* PBXContainerItemProxy */;
		};
/* End PBXTargetDependency section */

/* Begin PBXVariantGroup section */
		FBC19933225F431000C57349 /* Main.storyboard */ = {
			isa = PBXVariantGroup;
			children = (
				FBC19934225F431000C57349 /* Base */,
			);
			name = Main.storyboard;
			sourceTree = "<group>";
		};
		FBC1993B225F431000C57349 /* LaunchScreen.storyboard */ = {
			isa = PBXVariantGroup;
			children = (
				FBC1993C225F431000C57349 /* Base */,
			);
			name = LaunchScreen.storyboard;
			sourceTree = "<group>";
		};
/* End PBXVariantGroup section */

/* Begin XCBuildConfiguration section */
		FBC19955225F431100C57349 /* Debug */ = {
			isa = XCBuildConfiguration;
			buildSettings = {
				ALWAYS_SEARCH_USER_PATHS = NO;
				CLANG_ANALYZER_NONNULL = YES;
				CLANG_ANALYZER_NUMBER_OBJECT_CONVERSION = YES_AGGRESSIVE;
				CLANG_CXX_LANGUAGE_STANDARD = "gnu++14";
				CLANG_CXX_LIBRARY = "libc++";
				CLANG_ENABLE_MODULES = YES;
				CLANG_ENABLE_OBJC_ARC = YES;
				CLANG_ENABLE_OBJC_WEAK = YES;
				CLANG_WARN_BLOCK_CAPTURE_AUTORELEASING = YES;
				CLANG_WARN_BOOL_CONVERSION = YES;
				CLANG_WARN_COMMA = YES;
				CLANG_WARN_CONSTANT_CONVERSION = YES;
				CLANG_WARN_DEPRECATED_OBJC_IMPLEMENTATIONS = YES;
				CLANG_WARN_DIRECT_OBJC_ISA_USAGE = YES_ERROR;
				CLANG_WARN_DOCUMENTATION_COMMENTS = YES;
				CLANG_WARN_EMPTY_BODY = YES;
				CLANG_WARN_ENUM_CONVERSION = YES;
				CLANG_WARN_INFINITE_RECURSION = YES;
				CLANG_WARN_INT_CONVERSION = YES;
				CLANG_WARN_NON_LITERAL_NULL_CONVERSION = YES;
				CLANG_WARN_OBJC_IMPLICIT_RETAIN_SELF = YES;
				CLANG_WARN_OBJC_LITERAL_CONVERSION = YES;
				CLANG_WARN_OBJC_ROOT_CLASS = YES_ERROR;
				CLANG_WARN_RANGE_LOOP_ANALYSIS = YES;
				CLANG_WARN_STRICT_PROTOTYPES = YES;
				CLANG_WARN_SUSPICIOUS_MOVE = YES;
				CLANG_WARN_UNGUARDED_AVAILABILITY = YES_AGGRESSIVE;
				CLANG_WARN_UNREACHABLE_CODE = YES;
				CLANG_WARN__DUPLICATE_METHOD_MATCH = YES;
				CODE_SIGN_IDENTITY = "iPhone Developer";
				COPY_PHASE_STRIP = NO;
				DEBUG_INFORMATION_FORMAT = dwarf;
				ENABLE_STRICT_OBJC_MSGSEND = YES;
				ENABLE_TESTABILITY = YES;
				GCC_C_LANGUAGE_STANDARD = gnu11;
				GCC_DYNAMIC_NO_PIC = NO;
				GCC_NO_COMMON_BLOCKS = YES;
				GCC_OPTIMIZATION_LEVEL = 0;
				GCC_PREPROCESSOR_DEFINITIONS = (
					"DEBUG=1",
					"$(inherited)",
				);
				GCC_WARN_64_TO_32_BIT_CONVERSION = YES;
				GCC_WARN_ABOUT_RETURN_TYPE = YES_ERROR;
				GCC_WARN_UNDECLARED_SELECTOR = YES;
				GCC_WARN_UNINITIALIZED_AUTOS = YES_AGGRESSIVE;
				GCC_WARN_UNUSED_FUNCTION = YES;
				GCC_WARN_UNUSED_VARIABLE = YES;
				IPHONEOS_DEPLOYMENT_TARGET = 12.2;
				MTL_ENABLE_DEBUG_INFO = INCLUDE_SOURCE;
				MTL_FAST_MATH = YES;
				ONLY_ACTIVE_ARCH = YES;
				SDKROOT = iphoneos;
				SWIFT_ACTIVE_COMPILATION_CONDITIONS = DEBUG;
				SWIFT_OPTIMIZATION_LEVEL = "-Onone";
			};
			name = Debug;
		};
		FBC19956225F431100C57349 /* Release */ = {
			isa = XCBuildConfiguration;
			buildSettings = {
				ALWAYS_SEARCH_USER_PATHS = NO;
				CLANG_ANALYZER_NONNULL = YES;
				CLANG_ANALYZER_NUMBER_OBJECT_CONVERSION = YES_AGGRESSIVE;
				CLANG_CXX_LANGUAGE_STANDARD = "gnu++14";
				CLANG_CXX_LIBRARY = "libc++";
				CLANG_ENABLE_MODULES = YES;
				CLANG_ENABLE_OBJC_ARC = YES;
				CLANG_ENABLE_OBJC_WEAK = YES;
				CLANG_WARN_BLOCK_CAPTURE_AUTORELEASING = YES;
				CLANG_WARN_BOOL_CONVERSION = YES;
				CLANG_WARN_COMMA = YES;
				CLANG_WARN_CONSTANT_CONVERSION = YES;
				CLANG_WARN_DEPRECATED_OBJC_IMPLEMENTATIONS = YES;
				CLANG_WARN_DIRECT_OBJC_ISA_USAGE = YES_ERROR;
				CLANG_WARN_DOCUMENTATION_COMMENTS = YES;
				CLANG_WARN_EMPTY_BODY = YES;
				CLANG_WARN_ENUM_CONVERSION = YES;
				CLANG_WARN_INFINITE_RECURSION = YES;
				CLANG_WARN_INT_CONVERSION = YES;
				CLANG_WARN_NON_LITERAL_NULL_CONVERSION = YES;
				CLANG_WARN_OBJC_IMPLICIT_RETAIN_SELF = YES;
				CLANG_WARN_OBJC_LITERAL_CONVERSION = YES;
				CLANG_WARN_OBJC_ROOT_CLASS = YES_ERROR;
				CLANG_WARN_RANGE_LOOP_ANALYSIS = YES;
				CLANG_WARN_STRICT_PROTOTYPES = YES;
				CLANG_WARN_SUSPICIOUS_MOVE = YES;
				CLANG_WARN_UNGUARDED_AVAILABILITY = YES_AGGRESSIVE;
				CLANG_WARN_UNREACHABLE_CODE = YES;
				CLANG_WARN__DUPLICATE_METHOD_MATCH = YES;
				CODE_SIGN_IDENTITY = "iPhone Developer";
				COPY_PHASE_STRIP = NO;
				DEBUG_INFORMATION_FORMAT = "dwarf-with-dsym";
				ENABLE_NS_ASSERTIONS = NO;
				ENABLE_STRICT_OBJC_MSGSEND = YES;
				GCC_C_LANGUAGE_STANDARD = gnu11;
				GCC_NO_COMMON_BLOCKS = YES;
				GCC_WARN_64_TO_32_BIT_CONVERSION = YES;
				GCC_WARN_ABOUT_RETURN_TYPE = YES_ERROR;
				GCC_WARN_UNDECLARED_SELECTOR = YES;
				GCC_WARN_UNINITIALIZED_AUTOS = YES_AGGRESSIVE;
				GCC_WARN_UNUSED_FUNCTION = YES;
				GCC_WARN_UNUSED_VARIABLE = YES;
				IPHONEOS_DEPLOYMENT_TARGET = 12.2;
				MTL_ENABLE_DEBUG_INFO = NO;
				MTL_FAST_MATH = YES;
				SDKROOT = iphoneos;
				SWIFT_COMPILATION_MODE = wholemodule;
				SWIFT_OPTIMIZATION_LEVEL = "-O";
				VALIDATE_PRODUCT = YES;
			};
			name = Release;
		};
		FBC19958225F431100C57349 /* Debug */ = {
			isa = XCBuildConfiguration;
			baseConfigurationReference = E3155F8A1799BC653F20FC28 /* Pods-ZhiBo.debug.xcconfig */;
			buildSettings = {
				ASSETCATALOG_COMPILER_APPICON_NAME = AppIcon;
				CODE_SIGN_STYLE = Automatic;
				DEVELOPMENT_TEAM = 6T346DVJJZ;
				INFOPLIST_FILE = ZhiBo/Info.plist;
				LD_RUNPATH_SEARCH_PATHS = (
					"$(inherited)",
					"@executable_path/Frameworks",
				);
				PRODUCT_BUNDLE_IDENTIFIER = com.IFLYTEK.ZhiBo;
				PRODUCT_NAME = "$(TARGET_NAME)";
				SWIFT_VERSION = 5.0;
				TARGETED_DEVICE_FAMILY = "1,2";
			};
			name = Debug;
		};
		FBC19959225F431100C57349 /* Release */ = {
			isa = XCBuildConfiguration;
			baseConfigurationReference = 6A4E7CCBD58AE4040A70A40F /* Pods-ZhiBo.release.xcconfig */;
			buildSettings = {
				ASSETCATALOG_COMPILER_APPICON_NAME = AppIcon;
				CODE_SIGN_STYLE = Automatic;
				DEVELOPMENT_TEAM = 6T346DVJJZ;
				INFOPLIST_FILE = ZhiBo/Info.plist;
				LD_RUNPATH_SEARCH_PATHS = (
					"$(inherited)",
					"@executable_path/Frameworks",
				);
				PRODUCT_BUNDLE_IDENTIFIER = com.IFLYTEK.ZhiBo;
				PRODUCT_NAME = "$(TARGET_NAME)";
				SWIFT_VERSION = 5.0;
				TARGETED_DEVICE_FAMILY = "1,2";
			};
			name = Release;
		};
		FBC1995B225F431100C57349 /* Debug */ = {
			isa = XCBuildConfiguration;
			buildSettings = {
				ALWAYS_EMBED_SWIFT_STANDARD_LIBRARIES = YES;
				BUNDLE_LOADER = "$(TEST_HOST)";
				CODE_SIGN_STYLE = Automatic;
				DEVELOPMENT_TEAM = 6T346DVJJZ;
				INFOPLIST_FILE = ZhiBoTests/Info.plist;
				LD_RUNPATH_SEARCH_PATHS = (
					"$(inherited)",
					"@executable_path/Frameworks",
					"@loader_path/Frameworks",
				);
				PRODUCT_BUNDLE_IDENTIFIER = com.IFLYTEK.ZhiBoTests;
				PRODUCT_NAME = "$(TARGET_NAME)";
				SWIFT_VERSION = 5.0;
				TARGETED_DEVICE_FAMILY = "1,2";
				TEST_HOST = "$(BUILT_PRODUCTS_DIR)/ZhiBo.app/ZhiBo";
			};
			name = Debug;
		};
		FBC1995C225F431100C57349 /* Release */ = {
			isa = XCBuildConfiguration;
			buildSettings = {
				ALWAYS_EMBED_SWIFT_STANDARD_LIBRARIES = YES;
				BUNDLE_LOADER = "$(TEST_HOST)";
				CODE_SIGN_STYLE = Automatic;
				DEVELOPMENT_TEAM = 6T346DVJJZ;
				INFOPLIST_FILE = ZhiBoTests/Info.plist;
				LD_RUNPATH_SEARCH_PATHS = (
					"$(inherited)",
					"@executable_path/Frameworks",
					"@loader_path/Frameworks",
				);
				PRODUCT_BUNDLE_IDENTIFIER = com.IFLYTEK.ZhiBoTests;
				PRODUCT_NAME = "$(TARGET_NAME)";
				SWIFT_VERSION = 5.0;
				TARGETED_DEVICE_FAMILY = "1,2";
				TEST_HOST = "$(BUILT_PRODUCTS_DIR)/ZhiBo.app/ZhiBo";
			};
			name = Release;
		};
		FBC1995E225F431100C57349 /* Debug */ = {
			isa = XCBuildConfiguration;
			buildSettings = {
				ALWAYS_EMBED_SWIFT_STANDARD_LIBRARIES = YES;
				CODE_SIGN_STYLE = Automatic;
				DEVELOPMENT_TEAM = 6T346DVJJZ;
				INFOPLIST_FILE = ZhiBoUITests/Info.plist;
				LD_RUNPATH_SEARCH_PATHS = (
					"$(inherited)",
					"@executable_path/Frameworks",
					"@loader_path/Frameworks",
				);
				PRODUCT_BUNDLE_IDENTIFIER = com.IFLYTEK.ZhiBoUITests;
				PRODUCT_NAME = "$(TARGET_NAME)";
				SWIFT_VERSION = 5.0;
				TARGETED_DEVICE_FAMILY = "1,2";
				TEST_TARGET_NAME = ZhiBo;
			};
			name = Debug;
		};
		FBC1995F225F431100C57349 /* Release */ = {
			isa = XCBuildConfiguration;
			buildSettings = {
				ALWAYS_EMBED_SWIFT_STANDARD_LIBRARIES = YES;
				CODE_SIGN_STYLE = Automatic;
				DEVELOPMENT_TEAM = 6T346DVJJZ;
				INFOPLIST_FILE = ZhiBoUITests/Info.plist;
				LD_RUNPATH_SEARCH_PATHS = (
					"$(inherited)",
					"@executable_path/Frameworks",
					"@loader_path/Frameworks",
				);
				PRODUCT_BUNDLE_IDENTIFIER = com.IFLYTEK.ZhiBoUITests;
				PRODUCT_NAME = "$(TARGET_NAME)";
				SWIFT_VERSION = 5.0;
				TARGETED_DEVICE_FAMILY = "1,2";
				TEST_TARGET_NAME = ZhiBo;
			};
			name = Release;
		};
/* End XCBuildConfiguration section */

/* Begin XCConfigurationList section */
		FBC19927225F431000C57349 /* Build configuration list for PBXProject "ZhiBo" */ = {
			isa = XCConfigurationList;
			buildConfigurations = (
				FBC19955225F431100C57349 /* Debug */,
				FBC19956225F431100C57349 /* Release */,
			);
			defaultConfigurationIsVisible = 0;
			defaultConfigurationName = Release;
		};
		FBC19957225F431100C57349 /* Build configuration list for PBXNativeTarget "ZhiBo" */ = {
			isa = XCConfigurationList;
			buildConfigurations = (
				FBC19958225F431100C57349 /* Debug */,
				FBC19959225F431100C57349 /* Release */,
			);
			defaultConfigurationIsVisible = 0;
			defaultConfigurationName = Release;
		};
		FBC1995A225F431100C57349 /* Build configuration list for PBXNativeTarget "ZhiBoTests" */ = {
			isa = XCConfigurationList;
			buildConfigurations = (
				FBC1995B225F431100C57349 /* Debug */,
				FBC1995C225F431100C57349 /* Release */,
			);
			defaultConfigurationIsVisible = 0;
			defaultConfigurationName = Release;
		};
		FBC1995D225F431100C57349 /* Build configuration list for PBXNativeTarget "ZhiBoUITests" */ = {
			isa = XCConfigurationList;
			buildConfigurations = (
				FBC1995E225F431100C57349 /* Debug */,
				FBC1995F225F431100C57349 /* Release */,
			);
			defaultConfigurationIsVisible = 0;
			defaultConfigurationName = Release;
		};
/* End XCConfigurationList section */

/* Begin XCVersionGroup section */
		FBC19936225F431000C57349 /* ZhiBo.xcdatamodeld */ = {
			isa = XCVersionGroup;
			children = (
				FBC19937225F431000C57349 /* ZhiBo.xcdatamodel */,
			);
			currentVersion = FBC19937225F431000C57349 /* ZhiBo.xcdatamodel */;
			path = ZhiBo.xcdatamodeld;
			sourceTree = "<group>";
			versionGroupType = wrapper.xcdatamodel;
		};
/* End XCVersionGroup section */
	};
	rootObject = FBC19924225F431000C57349 /* Project object */;
}
